
Microsoft Visual Studio Solution File, Format Version 12.00
# Visual Studio 15
Project("{FAE04EC0-301F-11D3-BF4B-00C04F79EFBC}") = "Gorrilla Simulator", "Assembly-CSharp.csproj", "{21670283-8FC1-A85D-F274-7B09043BF638}"
EndProject
Project("{FAE04EC0-301F-11D3-BF4B-00C04F79EFBC}") = "Gorrilla Simulator", "Assembly-CSharp-firstpass.csproj", "{4AE6D152-B61E-D275-86E1-C43E34A6605E}"
EndProject
Project("{FAE04EC0-301F-11D3-BF4B-00C04F79EFBC}") = "Gorrilla Simulator", "Assembly-CSharp-Editor-firstpass.csproj", "{93858184-A91A-D1AD-A4B4-6192D54F4A5D}"
EndProject
Global
	GlobalSection(SolutionConfigurationPlatforms) = preSolution
		Debug|Any CPU = Debug|Any CPU
		Release|Any CPU = Release|Any CPU
	EndGlobalSection
	GlobalSection(ProjectConfigurationPlatforms) = postSolution
		{21670283-8FC1-A85D-F274-7B09043BF638}.Debug|Any CPU.ActiveCfg = Debug|Any CPU
		{21670283-8FC1-A85D-F274-7B09043BF638}.Debug|Any CPU.Build.0 = Debug|Any CPU
		{21670283-8FC1-A85D-F274-7B09043BF638}.Release|Any CPU.ActiveCfg = Release|Any CPU
		{21670283-8FC1-A85D-F274-7B09043BF638}.Release|Any CPU.Build.0 = Release|Any CPU
		{4AE6D152-B61E-D275-86E1-C43E34A6605E}.Debug|Any CPU.ActiveCfg = Debug|Any CPU
		{4AE6D152-B61E-D275-86E1-C43E34A6605E}.Debug|Any CPU.Build.0 = Debug|Any CPU
		{4AE6D152-B61E-D275-86E1-C43E34A6605E}.Release|Any CPU.ActiveCfg = Release|Any CPU
		{4AE6D152-B61E-D275-86E1-C43E34A6605E}.Release|Any CPU.Build.0 = Release|Any CPU
		{93858184-A91A-D1AD-A4B4-6192D54F4A5D}.Debug|Any CPU.ActiveCfg = Debug|Any CPU
		{93858184-A91A-D1AD-A4B4-6192D54F4A5D}.Debug|Any CPU.Build.0 = Debug|Any CPU
		{93858184-A91A-D1AD-A4B4-6192D54F4A5D}.Release|Any CPU.ActiveCfg = Release|Any CPU
		{93858184-A91A-D1AD-A4B4-6192D54F4A5D}.Release|Any CPU.Build.0 = Release|Any CPU
	EndGlobalSection
	GlobalSection(SolutionProperties) = preSolution
		HideSolutionNode = FALSE
	EndGlobalSection
EndGlobal
